
Microsoft Visual Studio Solution File, Format Version 12.00
# Visual Studio 14
VisualStudioVersion = 14.0.25123.0
MinimumVisualStudioVersion = 10.0.40219.1
Project("{FAE04EC0-301F-11D3-BF4B-00C04F79EFBC}") = "Fanatic GUI", "Fanatic GUI\Fanatic GUI.csproj", "{6AB92A43-00AB-4E39-8258-832C4B5D4063}"
EndProject
Project("{FAE04EC0-301F-11D3-BF4B-00C04F79EFBC}") = "UnitTestsFanaticGUI", "UnitTestsFanaticGUI\UnitTestsFanaticGUI.csproj", "{6A4DD933-2817-40CA-ACFB-9E0432D3109C}"
EndProject
Global
	GlobalSection(SolutionConfigurationPlatforms) = preSolution
		Debug|Any CPU = Debug|Any CPU
		Debug|ARM = Debug|ARM
		Debug|x64 = Debug|x64
		Debug|x86 = Debug|x86
		Release|Any CPU = Release|Any CPU
		Release|ARM = Release|ARM
		Release|x64 = Release|x64
		Release|x86 = Release|x86
	EndGlobalSection
	GlobalSection(ProjectConfigurationPlatforms) = postSolution
		{6AB92A43-00AB-4E39-8258-832C4B5D4063}.Debug|Any CPU.ActiveCfg = Debug|x86
		{6AB92A43-00AB-4E39-8258-832C4B5D4063}.Debug|ARM.ActiveCfg = Debug|ARM
		{6AB92A43-00AB-4E39-8258-832C4B5D4063}.Debug|ARM.Build.0 = Debug|ARM
		{6AB92A43-00AB-4E39-8258-832C4B5D4063}.Debug|ARM.Deploy.0 = Debug|ARM
		{6AB92A43-00AB-4E39-8258-832C4B5D4063}.Debug|x64.ActiveCfg = Debug|x64
		{6AB92A43-00AB-4E39-8258-832C4B5D4063}.Debug|x64.Build.0 = Debug|x64
		{6AB92A43-00AB-4E39-8258-832C4B5D4063}.Debug|x64.Deploy.0 = Debug|x64
		{6AB92A43-00AB-4E39-8258-832C4B5D4063}.Debug|x86.ActiveCfg = Debug|x86
		{6AB92A43-00AB-4E39-8258-832C4B5D4063}.Debug|x86.Build.0 = Debug|x86
		{6AB92A43-00AB-4E39-8258-832C4B5D4063}.Debug|x86.Deploy.0 = Debug|x86
		{6AB92A43-00AB-4E39-8258-832C4B5D4063}.Release|Any CPU.ActiveCfg = Release|x86
		{6AB92A43-00AB-4E39-8258-832C4B5D4063}.Release|ARM.ActiveCfg = Release|ARM
		{6AB92A43-00AB-4E39-8258-832C4B5D4063}.Release|ARM.Build.0 = Release|ARM
		{6AB92A43-00AB-4E39-8258-832C4B5D4063}.Release|ARM.Deploy.0 = Release|ARM
		{6AB92A43-00AB-4E39-8258-832C4B5D4063}.Release|x64.ActiveCfg = Release|x64
		{6AB92A43-00AB-4E39-8258-832C4B5D4063}.Release|x64.Build.0 = Release|x64
		{6AB92A43-00AB-4E39-8258-832C4B5D4063}.Release|x64.Deploy.0 = Release|x64
		{6AB92A43-00AB-4E39-8258-832C4B5D4063}.Release|x86.ActiveCfg = Release|x86
		{6AB92A43-00AB-4E39-8258-832C4B5D4063}.Release|x86.Build.0 = Release|x86
		{6AB92A43-00AB-4E39-8258-832C4B5D4063}.Release|x86.Deploy.0 = Release|x86
		{6A4DD933-2817-40CA-ACFB-9E0432D3109C}.Debug|Any CPU.ActiveCfg = Debug|x86
		{6A4DD933-2817-40CA-ACFB-9E0432D3109C}.Debug|ARM.ActiveCfg = Debug|ARM
		{6A4DD933-2817-40CA-ACFB-9E0432D3109C}.Debug|ARM.Build.0 = Debug|ARM
		{6A4DD933-2817-40CA-ACFB-9E0432D3109C}.Debug|ARM.Deploy.0 = Debug|ARM
		{6A4DD933-2817-40CA-ACFB-9E0432D3109C}.Debug|x64.ActiveCfg = Debug|x64
		{6A4DD933-2817-40CA-ACFB-9E0432D3109C}.Debug|x64.Build.0 = Debug|x64
		{6A4DD933-2817-40CA-ACFB-9E0432D3109C}.Debug|x64.Deploy.0 = Debug|x64
		{6A4DD933-2817-40CA-ACFB-9E0432D3109C}.Debug|x86.ActiveCfg = Debug|x86
		{6A4DD933-2817-40CA-ACFB-9E0432D3109C}.Debug|x86.Build.0 = Debug|x86
		{6A4DD933-2817-40CA-ACFB-9E0432D3109C}.Debug|x86.Deploy.0 = Debug|x86
		{6A4DD933-2817-40CA-ACFB-9E0432D3109C}.Release|Any CPU.ActiveCfg = Release|x86
		{6A4DD933-2817-40CA-ACFB-9E0432D3109C}.Release|ARM.ActiveCfg = Release|ARM
		{6A4DD933-2817-40CA-ACFB-9E0432D3109C}.Release|ARM.Build.0 = Release|ARM
		{6A4DD933-2817-40CA-ACFB-9E0432D3109C}.Release|ARM.Deploy.0 = Release|ARM
		{6A4DD933-2817-40CA-ACFB-9E0432D3109C}.Release|x64.ActiveCfg = Release|x64
		{6A4DD933-2817-40CA-ACFB-9E0432D3109C}.Release|x64.Build.0 = Release|x64
		{6A4DD933-2817-40CA-ACFB-9E0432D3109C}.Release|x64.Deploy.0 = Release|x64
		{6A4DD933-2817-40CA-ACFB-9E0432D3109C}.Release|x86.ActiveCfg = Release|x86
		{6A4DD933-2817-40CA-ACFB-9E0432D3109C}.Release|x86.Build.0 = Release|x86
		{6A4DD933-2817-40CA-ACFB-9E0432D3109C}.Release|x86.Deploy.0 = Release|x86
	EndGlobalSection
	GlobalSection(SolutionProperties) = preSolution
		HideSolutionNode = FALSE
	EndGlobalSection
EndGlobal
